// !$*UTF8*$!
{
	archiveVersion = 1;
	classes = {
	};
	objectVersion = 50;
	objects = {

/* Begin PBXBuildFile section */
		30A0D2BC269CD94A00ED9FB1 /* LoginViewController.swift in Sources */ = {isa = PBXBuildFile; fileRef = 30A0D2BA269CD94A00ED9FB1 /* LoginViewController.swift */; };
		30A0D2BD269CD94A00ED9FB1 /* LoginViewController.xib in Resources */ = {isa = PBXBuildFile; fileRef = 30A0D2BB269CD94A00ED9FB1 /* LoginViewController.xib */; };
		30A0D2C4269CE13600ED9FB1 /* User.swift in Sources */ = {isa = PBXBuildFile; fileRef = 30A0D2C3269CE13600ED9FB1 /* User.swift */; };
		30A0D2C6269CE14C00ED9FB1 /* UserFactory.swift in Sources */ = {isa = PBXBuildFile; fileRef = 30A0D2C5269CE14C00ED9FB1 /* UserFactory.swift */; };
		30A0D2C8269CE16900ED9FB1 /* UserService.swift in Sources */ = {isa = PBXBuildFile; fileRef = 30A0D2C7269CE16900ED9FB1 /* UserService.swift */; };
		30A0D2D0269CE21800ED9FB1 /* SignupViewController.swift in Sources */ = {isa = PBXBuildFile; fileRef = 30A0D2CE269CE21800ED9FB1 /* SignupViewController.swift */; };
		30A0D2D1269CE21800ED9FB1 /* SignupViewController.xib in Resources */ = {isa = PBXBuildFile; fileRef = 30A0D2CF269CE21800ED9FB1 /* SignupViewController.xib */; };
		30B49521269E3C56002B96EE /* Course.swift in Sources */ = {isa = PBXBuildFile; fileRef = 30B49520269E3C56002B96EE /* Course.swift */; };
		30B4952A269E4264002B96EE /* CoursesTableViewController.swift in Sources */ = {isa = PBXBuildFile; fileRef = 30B49528269E4264002B96EE /* CoursesTableViewController.swift */; };
		30B4952B269E4264002B96EE /* CoursesTableViewController.xib in Resources */ = {isa = PBXBuildFile; fileRef = 30B49529269E4264002B96EE /* CoursesTableViewController.xib */; };
		30B4952E269E4292002B96EE /* TableViewCell.swift in Sources */ = {isa = PBXBuildFile; fileRef = 30B4952C269E4292002B96EE /* TableViewCell.swift */; };
		30B4952F269E4292002B96EE /* TableViewCell.xib in Resources */ = {isa = PBXBuildFile; fileRef = 30B4952D269E4292002B96EE /* TableViewCell.xib */; };
		30C97D84269314860008F2C1 /* CellTableViewCell.swift in Sources */ = {isa = PBXBuildFile; fileRef = 30C97D82269314860008F2C1 /* CellTableViewCell.swift */; };
		30C97D85269314860008F2C1 /* CellTableViewCell.xib in Resources */ = {isa = PBXBuildFile; fileRef = 30C97D83269314860008F2C1 /* CellTableViewCell.xib */; };
		30C97D912693206E0008F2C1 /* DevicesTableViewController.swift in Sources */ = {isa = PBXBuildFile; fileRef = 30C97D8F2693206E0008F2C1 /* DevicesTableViewController.swift */; };
		30C97D922693206E0008F2C1 /* DevicesTableViewController.xib in Resources */ = {isa = PBXBuildFile; fileRef = 30C97D902693206E0008F2C1 /* DevicesTableViewController.xib */; };
		30D1A1B1265DA32800F65B63 /* BTUUIDs.swift in Sources */ = {isa = PBXBuildFile; fileRef = 30D1A1B0265DA32800F65B63 /* BTUUIDs.swift */; };
		30D1A1B3265DA35A00F65B63 /* BTUtils.swift in Sources */ = {isa = PBXBuildFile; fileRef = 30D1A1B2265DA35A00F65B63 /* BTUtils.swift */; };
		30D1A1B5265DA39400F65B63 /* BTManager.swift in Sources */ = {isa = PBXBuildFile; fileRef = 30D1A1B4265DA39400F65B63 /* BTManager.swift */; };
		30D1A1B7265DA3C400F65B63 /* BTDevice.swift in Sources */ = {isa = PBXBuildFile; fileRef = 30D1A1B6265DA3C400F65B63 /* BTDevice.swift */; };
		30F44FEB269F9089001F1275 /* SignupService.swift in Sources */ = {isa = PBXBuildFile; fileRef = 30F44FEA269F9089001F1275 /* SignupService.swift */; };
		30F44FED269F9102001F1275 /* SignupFactory.swift in Sources */ = {isa = PBXBuildFile; fileRef = 30F44FEC269F9101001F1275 /* SignupFactory.swift */; };
		30F748FC265D8C2600E8B04A /* AppDelegate.swift in Sources */ = {isa = PBXBuildFile; fileRef = 30F748FB265D8C2600E8B04A /* AppDelegate.swift */; };
		30F74906265D8C2600E8B04A /* IRUN.xcdatamodeld in Sources */ = {isa = PBXBuildFile; fileRef = 30F74904265D8C2600E8B04A /* IRUN.xcdatamodeld */; };
		30F74908265D8C2900E8B04A /* Assets.xcassets in Resources */ = {isa = PBXBuildFile; fileRef = 30F74907265D8C2900E8B04A /* Assets.xcassets */; };
		30F7490B265D8C2900E8B04A /* LaunchScreen.storyboard in Resources */ = {isa = PBXBuildFile; fileRef = 30F74909265D8C2900E8B04A /* LaunchScreen.storyboard */; };
		30F74914265D8D8600E8B04A /* HomeViewController.swift in Sources */ = {isa = PBXBuildFile; fileRef = 30F74912265D8D8600E8B04A /* HomeViewController.swift */; };
		30F74915265D8D8600E8B04A /* HomeViewController.xib in Resources */ = {isa = PBXBuildFile; fileRef = 30F74913265D8D8600E8B04A /* HomeViewController.xib */; };
		CF6257D2269F954700CF4736 /* SessionData.swift in Sources */ = {isa = PBXBuildFile; fileRef = CF6257D1269F954700CF4736 /* SessionData.swift */; };
		CF98B5F726A76BCF0021CFA3 /* DetailCourseViewController.swift in Sources */ = {isa = PBXBuildFile; fileRef = CF98B5F526A76BCF0021CFA3 /* DetailCourseViewController.swift */; };
		CF98B5F826A76BCF0021CFA3 /* DetailCourseViewController.xib in Resources */ = {isa = PBXBuildFile; fileRef = CF98B5F626A76BCF0021CFA3 /* DetailCourseViewController.xib */; };
/* End PBXBuildFile section */

/* Begin PBXFileReference section */
		30A0D2BA269CD94A00ED9FB1 /* LoginViewController.swift */ = {isa = PBXFileReference; lastKnownFileType = sourcecode.swift; path = LoginViewController.swift; sourceTree = "<group>"; };
		30A0D2BB269CD94A00ED9FB1 /* LoginViewController.xib */ = {isa = PBXFileReference; lastKnownFileType = file.xib; path = LoginViewController.xib; sourceTree = "<group>"; };
		30A0D2C3269CE13600ED9FB1 /* User.swift */ = {isa = PBXFileReference; lastKnownFileType = sourcecode.swift; path = User.swift; sourceTree = "<group>"; };
		30A0D2C5269CE14C00ED9FB1 /* UserFactory.swift */ = {isa = PBXFileReference; lastKnownFileType = sourcecode.swift; path = UserFactory.swift; sourceTree = "<group>"; };
		30A0D2C7269CE16900ED9FB1 /* UserService.swift */ = {isa = PBXFileReference; lastKnownFileType = sourcecode.swift; name = UserService.swift; path = ../User/UserService.swift; sourceTree = "<group>"; };
		30A0D2CE269CE21800ED9FB1 /* SignupViewController.swift */ = {isa = PBXFileReference; lastKnownFileType = sourcecode.swift; path = SignupViewController.swift; sourceTree = "<group>"; };
		30A0D2CF269CE21800ED9FB1 /* SignupViewController.xib */ = {isa = PBXFileReference; lastKnownFileType = file.xib; path = SignupViewController.xib; sourceTree = "<group>"; };
		30B49520269E3C56002B96EE /* Course.swift */ = {isa = PBXFileReference; lastKnownFileType = sourcecode.swift; path = Course.swift; sourceTree = "<group>"; };
		30B49528269E4264002B96EE /* CoursesTableViewController.swift */ = {isa = PBXFileReference; lastKnownFileType = sourcecode.swift; path = CoursesTableViewController.swift; sourceTree = "<group>"; };
		30B49529269E4264002B96EE /* CoursesTableViewController.xib */ = {isa = PBXFileReference; lastKnownFileType = file.xib; path = CoursesTableViewController.xib; sourceTree = "<group>"; };
		30B4952C269E4292002B96EE /* TableViewCell.swift */ = {isa = PBXFileReference; lastKnownFileType = sourcecode.swift; path = TableViewCell.swift; sourceTree = "<group>"; };
		30B4952D269E4292002B96EE /* TableViewCell.xib */ = {isa = PBXFileReference; lastKnownFileType = file.xib; path = TableViewCell.xib; sourceTree = "<group>"; };
		30C97D82269314860008F2C1 /* CellTableViewCell.swift */ = {isa = PBXFileReference; lastKnownFileType = sourcecode.swift; path = CellTableViewCell.swift; sourceTree = "<group>"; };
		30C97D83269314860008F2C1 /* CellTableViewCell.xib */ = {isa = PBXFileReference; lastKnownFileType = file.xib; path = CellTableViewCell.xib; sourceTree = "<group>"; };
		30C97D8F2693206E0008F2C1 /* DevicesTableViewController.swift */ = {isa = PBXFileReference; lastKnownFileType = sourcecode.swift; path = DevicesTableViewController.swift; sourceTree = "<group>"; };
		30C97D902693206E0008F2C1 /* DevicesTableViewController.xib */ = {isa = PBXFileReference; lastKnownFileType = file.xib; path = DevicesTableViewController.xib; sourceTree = "<group>"; };
		30D1A1B0265DA32800F65B63 /* BTUUIDs.swift */ = {isa = PBXFileReference; lastKnownFileType = sourcecode.swift; path = BTUUIDs.swift; sourceTree = "<group>"; };
		30D1A1B2265DA35A00F65B63 /* BTUtils.swift */ = {isa = PBXFileReference; lastKnownFileType = sourcecode.swift; path = BTUtils.swift; sourceTree = "<group>"; };
		30D1A1B4265DA39400F65B63 /* BTManager.swift */ = {isa = PBXFileReference; lastKnownFileType = sourcecode.swift; path = BTManager.swift; sourceTree = "<group>"; };
		30D1A1B6265DA3C400F65B63 /* BTDevice.swift */ = {isa = PBXFileReference; lastKnownFileType = sourcecode.swift; path = BTDevice.swift; sourceTree = "<group>"; };
		30F44FEA269F9089001F1275 /* SignupService.swift */ = {isa = PBXFileReference; fileEncoding = 4; lastKnownFileType = sourcecode.swift; path = SignupService.swift; sourceTree = "<group>"; };
		30F44FEC269F9101001F1275 /* SignupFactory.swift */ = {isa = PBXFileReference; fileEncoding = 4; lastKnownFileType = sourcecode.swift; path = SignupFactory.swift; sourceTree = "<group>"; };
		30F748F8265D8C2600E8B04A /* IRUN.app */ = {isa = PBXFileReference; explicitFileType = wrapper.application; includeInIndex = 0; path = IRUN.app; sourceTree = BUILT_PRODUCTS_DIR; };
		30F748FB265D8C2600E8B04A /* AppDelegate.swift */ = {isa = PBXFileReference; lastKnownFileType = sourcecode.swift; path = AppDelegate.swift; sourceTree = "<group>"; };
		30F74905265D8C2600E8B04A /* IRUN.xcdatamodel */ = {isa = PBXFileReference; lastKnownFileType = wrapper.xcdatamodel; path = IRUN.xcdatamodel; sourceTree = "<group>"; };
		30F74907265D8C2900E8B04A /* Assets.xcassets */ = {isa = PBXFileReference; lastKnownFileType = folder.assetcatalog; path = Assets.xcassets; sourceTree = "<group>"; };
		30F7490A265D8C2900E8B04A /* Base */ = {isa = PBXFileReference; lastKnownFileType = file.storyboard; name = Base; path = Base.lproj/LaunchScreen.storyboard; sourceTree = "<group>"; };
		30F7490C265D8C2900E8B04A /* Info.plist */ = {isa = PBXFileReference; lastKnownFileType = text.plist.xml; path = Info.plist; sourceTree = "<group>"; };
		30F74912265D8D8600E8B04A /* HomeViewController.swift */ = {isa = PBXFileReference; lastKnownFileType = sourcecode.swift; path = HomeViewController.swift; sourceTree = "<group>"; };
		30F74913265D8D8600E8B04A /* HomeViewController.xib */ = {isa = PBXFileReference; lastKnownFileType = file.xib; path = HomeViewController.xib; sourceTree = "<group>"; };
		CF6257D1269F954700CF4736 /* SessionData.swift */ = {isa = PBXFileReference; lastKnownFileType = sourcecode.swift; path = SessionData.swift; sourceTree = "<group>"; };
		CF98B5F526A76BCF0021CFA3 /* DetailCourseViewController.swift */ = {isa = PBXFileReference; lastKnownFileType = sourcecode.swift; path = DetailCourseViewController.swift; sourceTree = "<group>"; };
		CF98B5F626A76BCF0021CFA3 /* DetailCourseViewController.xib */ = {isa = PBXFileReference; lastKnownFileType = file.xib; path = DetailCourseViewController.xib; sourceTree = "<group>"; };
/* End PBXFileReference section */

/* Begin PBXFrameworksBuildPhase section */
		30F748F5265D8C2600E8B04A /* Frameworks */ = {
			isa = PBXFrameworksBuildPhase;
			buildActionMask = 2147483647;
			files = (
			);
			runOnlyForDeploymentPostprocessing = 0;
		};
/* End PBXFrameworksBuildPhase section */

/* Begin PBXGroup section */
		309DA1B1269DB21F008CE5F7 /* Frameworks */ = {
			isa = PBXGroup;
			children = (
			);
			name = Frameworks;
			sourceTree = "<group>";
		};
		30A0D2B9269CD91F00ED9FB1 /* Login */ = {
			isa = PBXGroup;
			children = (
				30A0D2BA269CD94A00ED9FB1 /* LoginViewController.swift */,
				30A0D2BB269CD94A00ED9FB1 /* LoginViewController.xib */,
			);
			path = Login;
			sourceTree = "<group>";
		};
		30A0D2C9269CE1D200ED9FB1 /* SignUp */ = {
			isa = PBXGroup;
			children = (
				30F44FEC269F9101001F1275 /* SignupFactory.swift */,
				30F44FEA269F9089001F1275 /* SignupService.swift */,
				30A0D2CE269CE21800ED9FB1 /* SignupViewController.swift */,
				30A0D2CF269CE21800ED9FB1 /* SignupViewController.xib */,
			);
			path = SignUp;
			sourceTree = "<group>";
		};
		30B4951F269E3C33002B96EE /* Courses */ = {
			isa = PBXGroup;
			children = (
				30B49520269E3C56002B96EE /* Course.swift */,
				30B49528269E4264002B96EE /* CoursesTableViewController.swift */,
				30B49529269E4264002B96EE /* CoursesTableViewController.xib */,
				30B4952C269E4292002B96EE /* TableViewCell.swift */,
				30B4952D269E4292002B96EE /* TableViewCell.xib */,
				CF98B5F526A76BCF0021CFA3 /* DetailCourseViewController.swift */,
				CF98B5F626A76BCF0021CFA3 /* DetailCourseViewController.xib */,
			);
			path = Courses;
			sourceTree = "<group>";
		};
		30C97D86269316A10008F2C1 /* Nearby Devices */ = {
			isa = PBXGroup;
			children = (
				30C97D83269314860008F2C1 /* CellTableViewCell.xib */,
				30C97D82269314860008F2C1 /* CellTableViewCell.swift */,
				30C97D8F2693206E0008F2C1 /* DevicesTableViewController.swift */,
				30C97D902693206E0008F2C1 /* DevicesTableViewController.xib */,
			);
			path = "Nearby Devices";
			sourceTree = "<group>";
		};
		30D1A1AF265DA30500F65B63 /* Bluetooth */ = {
			isa = PBXGroup;
			children = (
				30D1A1B0265DA32800F65B63 /* BTUUIDs.swift */,
				30D1A1B2265DA35A00F65B63 /* BTUtils.swift */,
				30D1A1B4265DA39400F65B63 /* BTManager.swift */,
				30D1A1B6265DA3C400F65B63 /* BTDevice.swift */,
			);
			path = Bluetooth;
			sourceTree = "<group>";
		};
		30F748EF265D8C2600E8B04A = {
			isa = PBXGroup;
			children = (
				30F748FA265D8C2600E8B04A /* IRUN */,
				309DA1B1269DB21F008CE5F7 /* Frameworks */,
			);
			sourceTree = "<group>";
		};
		30F748F9265D8C2600E8B04A /* Products */ = {
			isa = PBXGroup;
			children = (
				30F748F8265D8C2600E8B04A /* IRUN.app */,
			);
			name = Products;
			path = ..;
			sourceTree = "<group>";
		};
		30F748FA265D8C2600E8B04A /* IRUN */ = {
			isa = PBXGroup;
			children = (
				CF0362F426AB735E00154F39 /* UserView */,
				CF0362EF26AB69E900154F39 /* Modeles */,
				30B4951F269E3C33002B96EE /* Courses */,
				30C97D86269316A10008F2C1 /* Nearby Devices */,
				CF6257D0269F953A00CF4736 /* Services */,
				30D1A1AF265DA30500F65B63 /* Bluetooth */,
				30F748FB265D8C2600E8B04A /* AppDelegate.swift */,
				30F74907265D8C2900E8B04A /* Assets.xcassets */,
				30F74909265D8C2900E8B04A /* LaunchScreen.storyboard */,
				30F7490C265D8C2900E8B04A /* Info.plist */,
				30F74904265D8C2600E8B04A /* IRUN.xcdatamodeld */,
				30F74912265D8D8600E8B04A /* HomeViewController.swift */,
				30F74913265D8D8600E8B04A /* HomeViewController.xib */,
				30F748F9265D8C2600E8B04A /* Products */,
			);
			path = IRUN;
			sourceTree = "<group>";
		};
		CF0362EF26AB69E900154F39 /* Modeles */ = {
			isa = PBXGroup;
			children = (
				30A0D2C3269CE13600ED9FB1 /* User.swift */,
			);
			path = Modeles;
			sourceTree = "<group>";
		};
		CF0362F426AB735E00154F39 /* UserView */ = {
			isa = PBXGroup;
			children = (
				30A0D2B9269CD91F00ED9FB1 /* Login */,
				30A0D2C9269CE1D200ED9FB1 /* SignUp */,
			);
			path = UserView;
			sourceTree = "<group>";
		};
		CF6257D0269F953A00CF4736 /* Services */ = {
			isa = PBXGroup;
			children = (
				30A0D2C5269CE14C00ED9FB1 /* UserFactory.swift */,
				30A0D2C7269CE16900ED9FB1 /* UserService.swift */,
				CF6257D1269F954700CF4736 /* SessionData.swift */,
			);
			path = Services;
			sourceTree = "<group>";
		};
/* End PBXGroup section */

/* Begin PBXNativeTarget section */
		30F748F7265D8C2600E8B04A /* IRUN */ = {
			isa = PBXNativeTarget;
			buildConfigurationList = 30F7490F265D8C2900E8B04A /* Build configuration list for PBXNativeTarget "IRUN" */;
			buildPhases = (
				30F748F4265D8C2600E8B04A /* Sources */,
				30F748F5265D8C2600E8B04A /* Frameworks */,
				30F748F6265D8C2600E8B04A /* Resources */,
			);
			buildRules = (
			);
			dependencies = (
			);
			name = IRUN;
			productName = IRUN;
			productReference = 30F748F8265D8C2600E8B04A /* IRUN.app */;
			productType = "com.apple.product-type.application";
		};
/* End PBXNativeTarget section */

/* Begin PBXProject section */
		30F748F0265D8C2600E8B04A /* Project object */ = {
			isa = PBXProject;
			attributes = {
				LastSwiftUpdateCheck = 1250;
				LastUpgradeCheck = 1250;
				TargetAttributes = {
					30F748F7265D8C2600E8B04A = {
						CreatedOnToolsVersion = 12.5;
					};
				};
			};
			buildConfigurationList = 30F748F3265D8C2600E8B04A /* Build configuration list for PBXProject "IRUN" */;
			compatibilityVersion = "Xcode 9.3";
			developmentRegion = en;
			hasScannedForEncodings = 0;
			knownRegions = (
				en,
				Base,
				fr,
			);
			mainGroup = 30F748EF265D8C2600E8B04A;
			productRefGroup = 30F748F9265D8C2600E8B04A /* Products */;
			projectDirPath = "";
			projectRoot = "";
			targets = (
				30F748F7265D8C2600E8B04A /* IRUN */,
			);
		};
/* End PBXProject section */

/* Begin PBXResourcesBuildPhase section */
		30F748F6265D8C2600E8B04A /* Resources */ = {
			isa = PBXResourcesBuildPhase;
			buildActionMask = 2147483647;
			files = (
				30F7490B265D8C2900E8B04A /* LaunchScreen.storyboard in Resources */,
				30F74908265D8C2900E8B04A /* Assets.xcassets in Resources */,
				30B4952B269E4264002B96EE /* CoursesTableViewController.xib in Resources */,
				30A0D2BD269CD94A00ED9FB1 /* LoginViewController.xib in Resources */,
				30B4952F269E4292002B96EE /* TableViewCell.xib in Resources */,
				30F74915265D8D8600E8B04A /* HomeViewController.xib in Resources */,
				30C97D922693206E0008F2C1 /* DevicesTableViewController.xib in Resources */,
				30A0D2D1269CE21800ED9FB1 /* SignupViewController.xib in Resources */,
				CF98B5F826A76BCF0021CFA3 /* DetailCourseViewController.xib in Resources */,
				30C97D85269314860008F2C1 /* CellTableViewCell.xib in Resources */,
			);
			runOnlyForDeploymentPostprocessing = 0;
		};
/* End PBXResourcesBuildPhase section */

/* Begin PBXSourcesBuildPhase section */
		30F748F4265D8C2600E8B04A /* Sources */ = {
			isa = PBXSourcesBuildPhase;
			buildActionMask = 2147483647;
			files = (
				30A0D2D0269CE21800ED9FB1 /* SignupViewController.swift in Sources */,
				30A0D2C4269CE13600ED9FB1 /* User.swift in Sources */,
				30F44FED269F9102001F1275 /* SignupFactory.swift in Sources */,
				30D1A1B1265DA32800F65B63 /* BTUUIDs.swift in Sources */,
				CF6257D2269F954700CF4736 /* SessionData.swift in Sources */,
				30D1A1B3265DA35A00F65B63 /* BTUtils.swift in Sources */,
				30C97D912693206E0008F2C1 /* DevicesTableViewController.swift in Sources */,
				30B49521269E3C56002B96EE /* Course.swift in Sources */,
				30D1A1B7265DA3C400F65B63 /* BTDevice.swift in Sources */,
				30F748FC265D8C2600E8B04A /* AppDelegate.swift in Sources */,
				30F74906265D8C2600E8B04A /* IRUN.xcdatamodeld in Sources */,
				30B4952E269E4292002B96EE /* TableViewCell.swift in Sources */,
				30A0D2C6269CE14C00ED9FB1 /* UserFactory.swift in Sources */,
				30C97D84269314860008F2C1 /* CellTableViewCell.swift in Sources */,
				30A0D2C8269CE16900ED9FB1 /* UserService.swift in Sources */,
				30F44FEB269F9089001F1275 /* SignupService.swift in Sources */,
				30B4952A269E4264002B96EE /* CoursesTableViewController.swift in Sources */,
				CF98B5F726A76BCF0021CFA3 /* DetailCourseViewController.swift in Sources */,
				30F74914265D8D8600E8B04A /* HomeViewController.swift in Sources */,
				30A0D2BC269CD94A00ED9FB1 /* LoginViewController.swift in Sources */,
				30D1A1B5265DA39400F65B63 /* BTManager.swift in Sources */,
			);
			runOnlyForDeploymentPostprocessing = 0;
		};
/* End PBXSourcesBuildPhase section */

/* Begin PBXVariantGroup section */
		30F74909265D8C2900E8B04A /* LaunchScreen.storyboard */ = {
			isa = PBXVariantGroup;
			children = (
				30F7490A265D8C2900E8B04A /* Base */,
			);
			name = LaunchScreen.storyboard;
			sourceTree = "<group>";
		};
/* End PBXVariantGroup section */

/* Begin XCBuildConfiguration section */
		30F7490D265D8C2900E8B04A /* Debug */ = {
			isa = XCBuildConfiguration;
			buildSettings = {
				ALWAYS_EMBED_SWIFT_STANDARD_LIBRARIES = YES;
				ALWAYS_SEARCH_USER_PATHS = NO;
				CLANG_ANALYZER_NONNULL = YES;
				CLANG_ANALYZER_NUMBER_OBJECT_CONVERSION = YES_AGGRESSIVE;
				CLANG_CXX_LANGUAGE_STANDARD = "gnu++14";
				CLANG_CXX_LIBRARY = "libc++";
				CLANG_ENABLE_MODULES = YES;
				CLANG_ENABLE_OBJC_ARC = YES;
				CLANG_ENABLE_OBJC_WEAK = YES;
				CLANG_WARN_BLOCK_CAPTURE_AUTORELEASING = YES;
				CLANG_WARN_BOOL_CONVERSION = YES;
				CLANG_WARN_COMMA = YES;
				CLANG_WARN_CONSTANT_CONVERSION = YES;
				CLANG_WARN_DEPRECATED_OBJC_IMPLEMENTATIONS = YES;
				CLANG_WARN_DIRECT_OBJC_ISA_USAGE = YES_ERROR;
				CLANG_WARN_DOCUMENTATION_COMMENTS = YES;
				CLANG_WARN_EMPTY_BODY = YES;
				CLANG_WARN_ENUM_CONVERSION = YES;
				CLANG_WARN_INFINITE_RECURSION = YES;
				CLANG_WARN_INT_CONVERSION = YES;
				CLANG_WARN_NON_LITERAL_NULL_CONVERSION = YES;
				CLANG_WARN_OBJC_IMPLICIT_RETAIN_SELF = YES;
				CLANG_WARN_OBJC_LITERAL_CONVERSION = YES;
				CLANG_WARN_OBJC_ROOT_CLASS = YES_ERROR;
				CLANG_WARN_QUOTED_INCLUDE_IN_FRAMEWORK_HEADER = YES;
				CLANG_WARN_RANGE_LOOP_ANALYSIS = YES;
				CLANG_WARN_STRICT_PROTOTYPES = YES;
				CLANG_WARN_SUSPICIOUS_MOVE = YES;
				CLANG_WARN_UNGUARDED_AVAILABILITY = YES_AGGRESSIVE;
				CLANG_WARN_UNREACHABLE_CODE = YES;
				CLANG_WARN__DUPLICATE_METHOD_MATCH = YES;
				COPY_PHASE_STRIP = NO;
				DEBUG_INFORMATION_FORMAT = dwarf;
				ENABLE_STRICT_OBJC_MSGSEND = YES;
				ENABLE_TESTABILITY = YES;
				GCC_C_LANGUAGE_STANDARD = gnu11;
				GCC_DYNAMIC_NO_PIC = NO;
				GCC_NO_COMMON_BLOCKS = YES;
				GCC_OPTIMIZATION_LEVEL = 0;
				GCC_PREPROCESSOR_DEFINITIONS = (
					"DEBUG=1",
					"$(inherited)",
				);
				GCC_WARN_64_TO_32_BIT_CONVERSION = YES;
				GCC_WARN_ABOUT_RETURN_TYPE = YES_ERROR;
				GCC_WARN_UNDECLARED_SELECTOR = YES;
				GCC_WARN_UNINITIALIZED_AUTOS = YES_AGGRESSIVE;
				GCC_WARN_UNUSED_FUNCTION = YES;
				GCC_WARN_UNUSED_VARIABLE = YES;
				IPHONEOS_DEPLOYMENT_TARGET = 14;
				MTL_ENABLE_DEBUG_INFO = INCLUDE_SOURCE;
				MTL_FAST_MATH = YES;
				ONLY_ACTIVE_ARCH = YES;
				SDKROOT = iphoneos;
				SWIFT_ACTIVE_COMPILATION_CONDITIONS = DEBUG;
				SWIFT_OPTIMIZATION_LEVEL = "-Onone";
			};
			name = Debug;
		};
		30F7490E265D8C2900E8B04A /* Release */ = {
			isa = XCBuildConfiguration;
			buildSettings = {
				ALWAYS_EMBED_SWIFT_STANDARD_LIBRARIES = YES;
				ALWAYS_SEARCH_USER_PATHS = NO;
				CLANG_ANALYZER_NONNULL = YES;
				CLANG_ANALYZER_NUMBER_OBJECT_CONVERSION = YES_AGGRESSIVE;
				CLANG_CXX_LANGUAGE_STANDARD = "gnu++14";
				CLANG_CXX_LIBRARY = "libc++";
				CLANG_ENABLE_MODULES = YES;
				CLANG_ENABLE_OBJC_ARC = YES;
				CLANG_ENABLE_OBJC_WEAK = YES;
				CLANG_WARN_BLOCK_CAPTURE_AUTORELEASING = YES;
				CLANG_WARN_BOOL_CONVERSION = YES;
				CLANG_WARN_COMMA = YES;
				CLANG_WARN_CONSTANT_CONVERSION = YES;
				CLANG_WARN_DEPRECATED_OBJC_IMPLEMENTATIONS = YES;
				CLANG_WARN_DIRECT_OBJC_ISA_USAGE = YES_ERROR;
				CLANG_WARN_DOCUMENTATION_COMMENTS = YES;
				CLANG_WARN_EMPTY_BODY = YES;
				CLANG_WARN_ENUM_CONVERSION = YES;
				CLANG_WARN_INFINITE_RECURSION = YES;
				CLANG_WARN_INT_CONVERSION = YES;
				CLANG_WARN_NON_LITERAL_NULL_CONVERSION = YES;
				CLANG_WARN_OBJC_IMPLICIT_RETAIN_SELF = YES;
				CLANG_WARN_OBJC_LITERAL_CONVERSION = YES;
				CLANG_WARN_OBJC_ROOT_CLASS = YES_ERROR;
				CLANG_WARN_QUOTED_INCLUDE_IN_FRAMEWORK_HEADER = YES;
				CLANG_WARN_RANGE_LOOP_ANALYSIS = YES;
				CLANG_WARN_STRICT_PROTOTYPES = YES;
				CLANG_WARN_SUSPICIOUS_MOVE = YES;
				CLANG_WARN_UNGUARDED_AVAILABILITY = YES_AGGRESSIVE;
				CLANG_WARN_UNREACHABLE_CODE = YES;
				CLANG_WARN__DUPLICATE_METHOD_MATCH = YES;
				COPY_PHASE_STRIP = NO;
				DEBUG_INFORMATION_FORMAT = "dwarf-with-dsym";
				ENABLE_NS_ASSERTIONS = NO;
				ENABLE_STRICT_OBJC_MSGSEND = YES;
				GCC_C_LANGUAGE_STANDARD = gnu11;
				GCC_NO_COMMON_BLOCKS = YES;
				GCC_WARN_64_TO_32_BIT_CONVERSION = YES;
				GCC_WARN_ABOUT_RETURN_TYPE = YES_ERROR;
				GCC_WARN_UNDECLARED_SELECTOR = YES;
				GCC_WARN_UNINITIALIZED_AUTOS = YES_AGGRESSIVE;
				GCC_WARN_UNUSED_FUNCTION = YES;
				GCC_WARN_UNUSED_VARIABLE = YES;
				IPHONEOS_DEPLOYMENT_TARGET = 14;
				MTL_ENABLE_DEBUG_INFO = NO;
				MTL_FAST_MATH = YES;
				SDKROOT = iphoneos;
				SWIFT_COMPILATION_MODE = wholemodule;
				SWIFT_OPTIMIZATION_LEVEL = "-O";
				VALIDATE_PRODUCT = YES;
			};
			name = Release;
		};
		30F74910265D8C2900E8B04A /* Debug */ = {
			isa = XCBuildConfiguration;
			buildSettings = {
				ASSETCATALOG_COMPILER_APPICON_NAME = AppIcon;
				ASSETCATALOG_COMPILER_GLOBAL_ACCENT_COLOR_NAME = AccentColor;
				CODE_SIGN_STYLE = Automatic;
				DEVELOPMENT_TEAM = M8F4J8A9BB;
				INFOPLIST_FILE = IRUN/Info.plist;
				LD_RUNPATH_SEARCH_PATHS = (
					"$(inherited)",
					"@executable_path/Frameworks",
				);
				NEW_SETTING = "";
				PRODUCT_BUNDLE_IDENTIFIER = horizons.IRUN;
				PRODUCT_NAME = "$(TARGET_NAME)";
				SWIFT_VERSION = 5.0;
				TARGETED_DEVICE_FAMILY = "1,2";
			};
			name = Debug;
		};
		30F74911265D8C2900E8B04A /* Release */ = {
			isa = XCBuildConfiguration;
			buildSettings = {
				ASSETCATALOG_COMPILER_APPICON_NAME = AppIcon;
				ASSETCATALOG_COMPILER_GLOBAL_ACCENT_COLOR_NAME = AccentColor;
				CODE_SIGN_STYLE = Automatic;
				DEVELOPMENT_TEAM = M8F4J8A9BB;
				INFOPLIST_FILE = IRUN/Info.plist;
				LD_RUNPATH_SEARCH_PATHS = (
					"$(inherited)",
					"@executable_path/Frameworks",
				);
				NEW_SETTING = "";
				PRODUCT_BUNDLE_IDENTIFIER = horizons.IRUN;
				PRODUCT_NAME = "$(TARGET_NAME)";
				SWIFT_VERSION = 5.0;
				TARGETED_DEVICE_FAMILY = "1,2";
			};
			name = Release;
		};
/* End XCBuildConfiguration section */

/* Begin XCConfigurationList section */
		30F748F3265D8C2600E8B04A /* Build configuration list for PBXProject "IRUN" */ = {
			isa = XCConfigurationList;
			buildConfigurations = (
				30F7490D265D8C2900E8B04A /* Debug */,
				30F7490E265D8C2900E8B04A /* Release */,
			);
			defaultConfigurationIsVisible = 0;
			defaultConfigurationName = Release;
		};
		30F7490F265D8C2900E8B04A /* Build configuration list for PBXNativeTarget "IRUN" */ = {
			isa = XCConfigurationList;
			buildConfigurations = (
				30F74910265D8C2900E8B04A /* Debug */,
				30F74911265D8C2900E8B04A /* Release */,
			);
			defaultConfigurationIsVisible = 0;
			defaultConfigurationName = Release;
		};
/* End XCConfigurationList section */

/* Begin XCVersionGroup section */
		30F74904265D8C2600E8B04A /* IRUN.xcdatamodeld */ = {
			isa = XCVersionGroup;
			children = (
				30F74905265D8C2600E8B04A /* IRUN.xcdatamodel */,
			);
			currentVersion = 30F74905265D8C2600E8B04A /* IRUN.xcdatamodel */;
			path = IRUN.xcdatamodeld;
			sourceTree = "<group>";
			versionGroupType = wrapper.xcdatamodel;
		};
/* End XCVersionGroup section */
	};
	rootObject = 30F748F0265D8C2600E8B04A /* Project object */;
}
